
Microsoft Visual Studio Solution File, Format Version 12.00
# Visual Studio Version 17
VisualStudioVersion = 17.7.34018.315
MinimumVisualStudioVersion = 10.0.40219.1
Project("{9A19103F-16F7-4668-BE54-9A1E7A4F7556}") = "01_intro", "01_intro\01_intro.csproj", "{FD981D9E-D7F7-4615-82D7-8A1D9E5D0654}"
EndProject
Project("{9A19103F-16F7-4668-BE54-9A1E7A4F7556}") = "03_statements", "03_logic_statements\03_statements.csproj", "{9C43920C-AA3B-4792-BB30-80BE6C013CF2}"
EndProject
Project("{9A19103F-16F7-4668-BE54-9A1E7A4F7556}") = "03_arrays", "03_arrays\03_arrays.csproj", "{AF97CDDF-AED3-46D2-8A27-94D91EB5FF05}"
EndProject
Project("{FAE04EC0-301F-11D3-BF4B-00C04F79EFBC}") = "05_interfaces", "05_interfaces\05_interfaces.csproj", "{1C6E3F3B-BEA8-4877-BBCA-752B337093B5}"
EndProject
Project("{FAE04EC0-301F-11D3-BF4B-00C04F79EFBC}") = "06_system_interfaces", "06_system_interfaces\06_system_interfaces.csproj", "{6F25D517-B736-419F-82D2-67EA9293D128}"
EndProject
Project("{FAE04EC0-301F-11D3-BF4B-00C04F79EFBC}") = "07_interface_example", "07_interface_example\07_interface_example.csproj", "{C6BF0D28-2380-424F-B3FF-3576AB9AD270}"
EndProject
Global
	GlobalSection(SolutionConfigurationPlatforms) = preSolution
		Debug|Any CPU = Debug|Any CPU
		Release|Any CPU = Release|Any CPU
	EndGlobalSection
	GlobalSection(ProjectConfigurationPlatforms) = postSolution
		{FD981D9E-D7F7-4615-82D7-8A1D9E5D0654}.Debug|Any CPU.ActiveCfg = Debug|Any CPU
		{FD981D9E-D7F7-4615-82D7-8A1D9E5D0654}.Debug|Any CPU.Build.0 = Debug|Any CPU
		{FD981D9E-D7F7-4615-82D7-8A1D9E5D0654}.Release|Any CPU.ActiveCfg = Release|Any CPU
		{FD981D9E-D7F7-4615-82D7-8A1D9E5D0654}.Release|Any CPU.Build.0 = Release|Any CPU
		{9C43920C-AA3B-4792-BB30-80BE6C013CF2}.Debug|Any CPU.ActiveCfg = Debug|Any CPU
		{9C43920C-AA3B-4792-BB30-80BE6C013CF2}.Debug|Any CPU.Build.0 = Debug|Any CPU
		{9C43920C-AA3B-4792-BB30-80BE6C013CF2}.Release|Any CPU.ActiveCfg = Release|Any CPU
		{9C43920C-AA3B-4792-BB30-80BE6C013CF2}.Release|Any CPU.Build.0 = Release|Any CPU
		{AF97CDDF-AED3-46D2-8A27-94D91EB5FF05}.Debug|Any CPU.ActiveCfg = Debug|Any CPU
		{AF97CDDF-AED3-46D2-8A27-94D91EB5FF05}.Debug|Any CPU.Build.0 = Debug|Any CPU
		{AF97CDDF-AED3-46D2-8A27-94D91EB5FF05}.Release|Any CPU.ActiveCfg = Release|Any CPU
		{AF97CDDF-AED3-46D2-8A27-94D91EB5FF05}.Release|Any CPU.Build.0 = Release|Any CPU
		{1C6E3F3B-BEA8-4877-BBCA-752B337093B5}.Debug|Any CPU.ActiveCfg = Debug|Any CPU
		{1C6E3F3B-BEA8-4877-BBCA-752B337093B5}.Debug|Any CPU.Build.0 = Debug|Any CPU
		{1C6E3F3B-BEA8-4877-BBCA-752B337093B5}.Release|Any CPU.ActiveCfg = Release|Any CPU
		{1C6E3F3B-BEA8-4877-BBCA-752B337093B5}.Release|Any CPU.Build.0 = Release|Any CPU
		{6F25D517-B736-419F-82D2-67EA9293D128}.Debug|Any CPU.ActiveCfg = Debug|Any CPU
		{6F25D517-B736-419F-82D2-67EA9293D128}.Debug|Any CPU.Build.0 = Debug|Any CPU
		{6F25D517-B736-419F-82D2-67EA9293D128}.Release|Any CPU.ActiveCfg = Release|Any CPU
		{6F25D517-B736-419F-82D2-67EA9293D128}.Release|Any CPU.Build.0 = Release|Any CPU
		{C6BF0D28-2380-424F-B3FF-3576AB9AD270}.Debug|Any CPU.ActiveCfg = Debug|Any CPU
		{C6BF0D28-2380-424F-B3FF-3576AB9AD270}.Debug|Any CPU.Build.0 = Debug|Any CPU
		{C6BF0D28-2380-424F-B3FF-3576AB9AD270}.Release|Any CPU.ActiveCfg = Release|Any CPU
		{C6BF0D28-2380-424F-B3FF-3576AB9AD270}.Release|Any CPU.Build.0 = Release|Any CPU
	EndGlobalSection
	GlobalSection(SolutionProperties) = preSolution
		HideSolutionNode = FALSE
	EndGlobalSection
	GlobalSection(ExtensibilityGlobals) = postSolution
		SolutionGuid = {056968C5-ED91-4F20-A7D6-4011AEFA01D5}
	EndGlobalSection
EndGlobal
